
Microsoft Visual Studio Solution File, Format Version 12.00
# Visual Studio 15
VisualStudioVersion = 15.0.28010.2019
MinimumVisualStudioVersion = 10.0.40219.1
Project("{9A19103F-16F7-4668-BE54-9A1E7A4F7556}") = "boat", "boat\boat.csproj", "{E4B1E9F2-50C5-4BDE-9B98-3301A8BB1085}"
EndProject
Project("{FAE04EC0-301F-11D3-BF4B-00C04F79EFBC}") = "Iyzipay", "C:\Users\EMRAHB\Desktop\iyzico\iyzipay-dotnet-develop\Iyzipay\Iyzipay.csproj", "{5011814A-01E4-4E5F-82FA-5282FF01DA5D}"
EndProject
Project("{9A19103F-16F7-4668-BE54-9A1E7A4F7556}") = "boat.Test", "boat.Test\boat.Test.csproj", "{57E9AC9B-788B-4271-A229-35EBE82DA191}"
EndProject
Project("{9A19103F-16F7-4668-BE54-9A1E7A4F7556}") = "Boat.Repository", "Boat.Repository\Boat.Repository.csproj", "{F4F5780E-F1A6-4B23-9B25-173587FEB290}"
EndProject
Project("{9A19103F-16F7-4668-BE54-9A1E7A4F7556}") = "Boat.Data", "Boat.Data\Boat.Data.csproj", "{55B9CB03-7982-492C-B86B-2E75EEA642B4}"
EndProject
Project("{9A19103F-16F7-4668-BE54-9A1E7A4F7556}") = "Boat.Business", "Boat.Business\Boat.Business.csproj", "{F3E6AE42-82DF-4B37-9586-D3EF3C2A6327}"
EndProject
Global
	GlobalSection(SolutionConfigurationPlatforms) = preSolution
		Debug|Any CPU = Debug|Any CPU
		Release|Any CPU = Release|Any CPU
	EndGlobalSection
	GlobalSection(ProjectConfigurationPlatforms) = postSolution
		{E4B1E9F2-50C5-4BDE-9B98-3301A8BB1085}.Debug|Any CPU.ActiveCfg = Debug|Any CPU
		{E4B1E9F2-50C5-4BDE-9B98-3301A8BB1085}.Debug|Any CPU.Build.0 = Debug|Any CPU
		{E4B1E9F2-50C5-4BDE-9B98-3301A8BB1085}.Release|Any CPU.ActiveCfg = Release|Any CPU
		{E4B1E9F2-50C5-4BDE-9B98-3301A8BB1085}.Release|Any CPU.Build.0 = Release|Any CPU
		{5011814A-01E4-4E5F-82FA-5282FF01DA5D}.Debug|Any CPU.ActiveCfg = Debug|Any CPU
		{5011814A-01E4-4E5F-82FA-5282FF01DA5D}.Debug|Any CPU.Build.0 = Debug|Any CPU
		{5011814A-01E4-4E5F-82FA-5282FF01DA5D}.Release|Any CPU.ActiveCfg = Release|Any CPU
		{5011814A-01E4-4E5F-82FA-5282FF01DA5D}.Release|Any CPU.Build.0 = Release|Any CPU
		{57E9AC9B-788B-4271-A229-35EBE82DA191}.Debug|Any CPU.ActiveCfg = Debug|Any CPU
		{57E9AC9B-788B-4271-A229-35EBE82DA191}.Debug|Any CPU.Build.0 = Debug|Any CPU
		{57E9AC9B-788B-4271-A229-35EBE82DA191}.Release|Any CPU.ActiveCfg = Release|Any CPU
		{57E9AC9B-788B-4271-A229-35EBE82DA191}.Release|Any CPU.Build.0 = Release|Any CPU
		{F4F5780E-F1A6-4B23-9B25-173587FEB290}.Debug|Any CPU.ActiveCfg = Debug|Any CPU
		{F4F5780E-F1A6-4B23-9B25-173587FEB290}.Debug|Any CPU.Build.0 = Debug|Any CPU
		{F4F5780E-F1A6-4B23-9B25-173587FEB290}.Release|Any CPU.ActiveCfg = Release|Any CPU
		{F4F5780E-F1A6-4B23-9B25-173587FEB290}.Release|Any CPU.Build.0 = Release|Any CPU
		{55B9CB03-7982-492C-B86B-2E75EEA642B4}.Debug|Any CPU.ActiveCfg = Debug|Any CPU
		{55B9CB03-7982-492C-B86B-2E75EEA642B4}.Debug|Any CPU.Build.0 = Debug|Any CPU
		{55B9CB03-7982-492C-B86B-2E75EEA642B4}.Release|Any CPU.ActiveCfg = Release|Any CPU
		{55B9CB03-7982-492C-B86B-2E75EEA642B4}.Release|Any CPU.Build.0 = Release|Any CPU
		{F3E6AE42-82DF-4B37-9586-D3EF3C2A6327}.Debug|Any CPU.ActiveCfg = Debug|Any CPU
		{F3E6AE42-82DF-4B37-9586-D3EF3C2A6327}.Debug|Any CPU.Build.0 = Debug|Any CPU
		{F3E6AE42-82DF-4B37-9586-D3EF3C2A6327}.Release|Any CPU.ActiveCfg = Release|Any CPU
		{F3E6AE42-82DF-4B37-9586-D3EF3C2A6327}.Release|Any CPU.Build.0 = Release|Any CPU
	EndGlobalSection
	GlobalSection(SolutionProperties) = preSolution
		HideSolutionNode = FALSE
	EndGlobalSection
	GlobalSection(ExtensibilityGlobals) = postSolution
		SolutionGuid = {52CB014F-BA7B-4A81-A784-AB102C86C9D9}
	EndGlobalSection
EndGlobal
